{
  "version": "4",
  "specifiers": {
    "jsr:@img/internal@~0.1.1": "0.1.1",
    "jsr:@img/png@*": "0.1.6",
    "jsr:@std/random@*": "0.1.5"
  },
  "jsr": {
    "@img/internal@0.1.1": {
      "integrity": "3f3f58a02d959f913e4715ca1d33064858eb7c32935d351d6357d6bd48b57a70"
    },
    "@img/png@0.1.6": {
      "integrity": "b24db019c96bb0e4fea6a2b1d01c5cc995a56cbc1fe7e40ff77224744e42e37c",
      "dependencies": [
        "jsr:@img/internal"
      ]
    },
    "@std/random@0.1.5": {
      "integrity": "d26614c4f6c441afc22397a1c5b8f27d02ab8f5572f1d29e7b0cd57f3d548235"
    }
  }
}
